
Microsoft Visual Studio Solution File, Format Version 12.00
Project("{FAE04EC0-301F-11D3-BF4B-00C04F79EFBC}") = "Core", "Core\Core.csproj", "{0C710D63-443A-4210-A8F7-48262266A7E8}"
EndProject
Project("{FAE04EC0-301F-11D3-BF4B-00C04F79EFBC}") = "Domain", "Domain\Domain.csproj", "{04B2A82A-50DD-4FB7-9FC7-C4FAF6428A5B}"
EndProject
Project("{FAE04EC0-301F-11D3-BF4B-00C04F79EFBC}") = "Infra", "Infra\Infra.csproj", "{B43B3355-12F7-45CA-834F-F15509A6C44A}"
EndProject
Project("{FAE04EC0-301F-11D3-BF4B-00C04F79EFBC}") = "App", "App\App.csproj", "{987ABB1D-B248-49A2-B0C0-FF2089C3B68C}"
EndProject
Project("{FAE04EC0-301F-11D3-BF4B-00C04F79EFBC}") = "Api", "Api\Api.csproj", "{3CE36870-1E86-4151-9E19-AFCA03AE8EB5}"
EndProject
Project("{2150E333-8FDC-42A3-9474-1A3956D46DE8}") = "Tests", "Tests", "{6C978CC9-B52E-4563-B4D2-585CF4FE7BB0}"
EndProject
Project("{FAE04EC0-301F-11D3-BF4B-00C04F79EFBC}") = "Test.Domain", "Test.Domain\Test.Domain.csproj", "{DEDB9A59-29A2-4425-BB27-0C6AF40D508D}"
EndProject
Global
	GlobalSection(SolutionConfigurationPlatforms) = preSolution
		Debug|Any CPU = Debug|Any CPU
		Release|Any CPU = Release|Any CPU
	EndGlobalSection
	GlobalSection(ProjectConfigurationPlatforms) = postSolution
		{0C710D63-443A-4210-A8F7-48262266A7E8}.Debug|Any CPU.ActiveCfg = Debug|Any CPU
		{0C710D63-443A-4210-A8F7-48262266A7E8}.Debug|Any CPU.Build.0 = Debug|Any CPU
		{0C710D63-443A-4210-A8F7-48262266A7E8}.Release|Any CPU.ActiveCfg = Release|Any CPU
		{0C710D63-443A-4210-A8F7-48262266A7E8}.Release|Any CPU.Build.0 = Release|Any CPU
		{04B2A82A-50DD-4FB7-9FC7-C4FAF6428A5B}.Debug|Any CPU.ActiveCfg = Debug|Any CPU
		{04B2A82A-50DD-4FB7-9FC7-C4FAF6428A5B}.Debug|Any CPU.Build.0 = Debug|Any CPU
		{04B2A82A-50DD-4FB7-9FC7-C4FAF6428A5B}.Release|Any CPU.ActiveCfg = Release|Any CPU
		{04B2A82A-50DD-4FB7-9FC7-C4FAF6428A5B}.Release|Any CPU.Build.0 = Release|Any CPU
		{B43B3355-12F7-45CA-834F-F15509A6C44A}.Debug|Any CPU.ActiveCfg = Debug|Any CPU
		{B43B3355-12F7-45CA-834F-F15509A6C44A}.Debug|Any CPU.Build.0 = Debug|Any CPU
		{B43B3355-12F7-45CA-834F-F15509A6C44A}.Release|Any CPU.ActiveCfg = Release|Any CPU
		{B43B3355-12F7-45CA-834F-F15509A6C44A}.Release|Any CPU.Build.0 = Release|Any CPU
		{987ABB1D-B248-49A2-B0C0-FF2089C3B68C}.Debug|Any CPU.ActiveCfg = Debug|Any CPU
		{987ABB1D-B248-49A2-B0C0-FF2089C3B68C}.Debug|Any CPU.Build.0 = Debug|Any CPU
		{987ABB1D-B248-49A2-B0C0-FF2089C3B68C}.Release|Any CPU.ActiveCfg = Release|Any CPU
		{987ABB1D-B248-49A2-B0C0-FF2089C3B68C}.Release|Any CPU.Build.0 = Release|Any CPU
		{3CE36870-1E86-4151-9E19-AFCA03AE8EB5}.Debug|Any CPU.ActiveCfg = Debug|Any CPU
		{3CE36870-1E86-4151-9E19-AFCA03AE8EB5}.Debug|Any CPU.Build.0 = Debug|Any CPU
		{3CE36870-1E86-4151-9E19-AFCA03AE8EB5}.Release|Any CPU.ActiveCfg = Release|Any CPU
		{3CE36870-1E86-4151-9E19-AFCA03AE8EB5}.Release|Any CPU.Build.0 = Release|Any CPU
		{DEDB9A59-29A2-4425-BB27-0C6AF40D508D}.Debug|Any CPU.ActiveCfg = Debug|Any CPU
		{DEDB9A59-29A2-4425-BB27-0C6AF40D508D}.Debug|Any CPU.Build.0 = Debug|Any CPU
		{DEDB9A59-29A2-4425-BB27-0C6AF40D508D}.Release|Any CPU.ActiveCfg = Release|Any CPU
		{DEDB9A59-29A2-4425-BB27-0C6AF40D508D}.Release|Any CPU.Build.0 = Release|Any CPU
	EndGlobalSection
	GlobalSection(NestedProjects) = preSolution
		{DEDB9A59-29A2-4425-BB27-0C6AF40D508D} = {6C978CC9-B52E-4563-B4D2-585CF4FE7BB0}
	EndGlobalSection
EndGlobal
